
Microsoft Visual Studio Solution File, Format Version 12.00
# Visual Studio Version 17
VisualStudioVersion = 17.6.33815.320
MinimumVisualStudioVersion = 10.0.40219.1
Project("{FAE04EC0-301F-11D3-BF4B-00C04F79EFBC}") = "01. Diagonal Difference", "01. Diagonal Difference\01. Diagonal Difference.csproj", "{FA0A6EBB-36BC-4132-9910-1D4A77D1B959}"
EndProject
Project("{FAE04EC0-301F-11D3-BF4B-00C04F79EFBC}") = "02. Squares in Matrix", "02. Squares in Matrix\02. Squares in Matrix.csproj", "{5251435E-B7C5-4713-BC61-25517EB03E7C}"
EndProject
Project("{FAE04EC0-301F-11D3-BF4B-00C04F79EFBC}") = "03. Maximal Sum", "03. Maximal Sum\03. Maximal Sum.csproj", "{8D7E117F-A167-4FED-BF94-D34EA73549FA}"
EndProject
Project("{FAE04EC0-301F-11D3-BF4B-00C04F79EFBC}") = "04. Matrix Shuffling", "04. Matrix Shuffling\04. Matrix Shuffling.csproj", "{83C93E67-E47E-497B-BEB5-57D3289EFB31}"
EndProject
Project("{FAE04EC0-301F-11D3-BF4B-00C04F79EFBC}") = "05. Snake Moves", "05. Snake Moves\05. Snake Moves.csproj", "{1987DDD3-50F6-4E39-B708-C1F426E51200}"
EndProject
Project("{FAE04EC0-301F-11D3-BF4B-00C04F79EFBC}") = "06.Jagged Array Manipulator", "06.Jagged Array Manipulator\06.Jagged Array Manipulator.csproj", "{E4775176-399E-4A75-AD53-B52E9174A65F}"
EndProject
Project("{FAE04EC0-301F-11D3-BF4B-00C04F79EFBC}") = "07. Knight Game", "07. Knight Game\07. Knight Game.csproj", "{0E6D3A03-A3F3-409B-BD2B-CF37ED2077CF}"
EndProject
Project("{FAE04EC0-301F-11D3-BF4B-00C04F79EFBC}") = "08. Bombs", "08. Bombs\08. Bombs.csproj", "{38067381-8DAF-4691-8212-02CFCC1218C8}"
EndProject
Project("{FAE04EC0-301F-11D3-BF4B-00C04F79EFBC}") = "09. Miner", "09. Miner\09. Miner.csproj", "{05ACC328-49D8-49E3-A451-B18271C399FB}"
EndProject
Project("{FAE04EC0-301F-11D3-BF4B-00C04F79EFBC}") = "10. Vampire Bunnies", "10. Vampire Bunnies\10. Vampire Bunnies.csproj", "{52ADC032-46A2-4020-879A-7303AD8A5B75}"
EndProject
Global
	GlobalSection(SolutionConfigurationPlatforms) = preSolution
		Debug|Any CPU = Debug|Any CPU
		Release|Any CPU = Release|Any CPU
	EndGlobalSection
	GlobalSection(ProjectConfigurationPlatforms) = postSolution
		{FA0A6EBB-36BC-4132-9910-1D4A77D1B959}.Debug|Any CPU.ActiveCfg = Debug|Any CPU
		{FA0A6EBB-36BC-4132-9910-1D4A77D1B959}.Debug|Any CPU.Build.0 = Debug|Any CPU
		{FA0A6EBB-36BC-4132-9910-1D4A77D1B959}.Release|Any CPU.ActiveCfg = Release|Any CPU
		{FA0A6EBB-36BC-4132-9910-1D4A77D1B959}.Release|Any CPU.Build.0 = Release|Any CPU
		{5251435E-B7C5-4713-BC61-25517EB03E7C}.Debug|Any CPU.ActiveCfg = Debug|Any CPU
		{5251435E-B7C5-4713-BC61-25517EB03E7C}.Debug|Any CPU.Build.0 = Debug|Any CPU
		{5251435E-B7C5-4713-BC61-25517EB03E7C}.Release|Any CPU.ActiveCfg = Release|Any CPU
		{5251435E-B7C5-4713-BC61-25517EB03E7C}.Release|Any CPU.Build.0 = Release|Any CPU
		{8D7E117F-A167-4FED-BF94-D34EA73549FA}.Debug|Any CPU.ActiveCfg = Debug|Any CPU
		{8D7E117F-A167-4FED-BF94-D34EA73549FA}.Debug|Any CPU.Build.0 = Debug|Any CPU
		{8D7E117F-A167-4FED-BF94-D34EA73549FA}.Release|Any CPU.ActiveCfg = Release|Any CPU
		{8D7E117F-A167-4FED-BF94-D34EA73549FA}.Release|Any CPU.Build.0 = Release|Any CPU
		{83C93E67-E47E-497B-BEB5-57D3289EFB31}.Debug|Any CPU.ActiveCfg = Debug|Any CPU
		{83C93E67-E47E-497B-BEB5-57D3289EFB31}.Debug|Any CPU.Build.0 = Debug|Any CPU
		{83C93E67-E47E-497B-BEB5-57D3289EFB31}.Release|Any CPU.ActiveCfg = Release|Any CPU
		{83C93E67-E47E-497B-BEB5-57D3289EFB31}.Release|Any CPU.Build.0 = Release|Any CPU
		{1987DDD3-50F6-4E39-B708-C1F426E51200}.Debug|Any CPU.ActiveCfg = Debug|Any CPU
		{1987DDD3-50F6-4E39-B708-C1F426E51200}.Debug|Any CPU.Build.0 = Debug|Any CPU
		{1987DDD3-50F6-4E39-B708-C1F426E51200}.Release|Any CPU.ActiveCfg = Release|Any CPU
		{1987DDD3-50F6-4E39-B708-C1F426E51200}.Release|Any CPU.Build.0 = Release|Any CPU
		{E4775176-399E-4A75-AD53-B52E9174A65F}.Debug|Any CPU.ActiveCfg = Debug|Any CPU
		{E4775176-399E-4A75-AD53-B52E9174A65F}.Debug|Any CPU.Build.0 = Debug|Any CPU
		{E4775176-399E-4A75-AD53-B52E9174A65F}.Release|Any CPU.ActiveCfg = Release|Any CPU
		{E4775176-399E-4A75-AD53-B52E9174A65F}.Release|Any CPU.Build.0 = Release|Any CPU
		{0E6D3A03-A3F3-409B-BD2B-CF37ED2077CF}.Debug|Any CPU.ActiveCfg = Debug|Any CPU
		{0E6D3A03-A3F3-409B-BD2B-CF37ED2077CF}.Debug|Any CPU.Build.0 = Debug|Any CPU
		{0E6D3A03-A3F3-409B-BD2B-CF37ED2077CF}.Release|Any CPU.ActiveCfg = Release|Any CPU
		{0E6D3A03-A3F3-409B-BD2B-CF37ED2077CF}.Release|Any CPU.Build.0 = Release|Any CPU
		{38067381-8DAF-4691-8212-02CFCC1218C8}.Debug|Any CPU.ActiveCfg = Debug|Any CPU
		{38067381-8DAF-4691-8212-02CFCC1218C8}.Debug|Any CPU.Build.0 = Debug|Any CPU
		{38067381-8DAF-4691-8212-02CFCC1218C8}.Release|Any CPU.ActiveCfg = Release|Any CPU
		{38067381-8DAF-4691-8212-02CFCC1218C8}.Release|Any CPU.Build.0 = Release|Any CPU
		{05ACC328-49D8-49E3-A451-B18271C399FB}.Debug|Any CPU.ActiveCfg = Debug|Any CPU
		{05ACC328-49D8-49E3-A451-B18271C399FB}.Debug|Any CPU.Build.0 = Debug|Any CPU
		{05ACC328-49D8-49E3-A451-B18271C399FB}.Release|Any CPU.ActiveCfg = Release|Any CPU
		{05ACC328-49D8-49E3-A451-B18271C399FB}.Release|Any CPU.Build.0 = Release|Any CPU
		{52ADC032-46A2-4020-879A-7303AD8A5B75}.Debug|Any CPU.ActiveCfg = Debug|Any CPU
		{52ADC032-46A2-4020-879A-7303AD8A5B75}.Debug|Any CPU.Build.0 = Debug|Any CPU
		{52ADC032-46A2-4020-879A-7303AD8A5B75}.Release|Any CPU.ActiveCfg = Release|Any CPU
		{52ADC032-46A2-4020-879A-7303AD8A5B75}.Release|Any CPU.Build.0 = Release|Any CPU
	EndGlobalSection
	GlobalSection(SolutionProperties) = preSolution
		HideSolutionNode = FALSE
	EndGlobalSection
	GlobalSection(ExtensibilityGlobals) = postSolution
		SolutionGuid = {2002FD69-4936-4759-8118-BBDADFF66460}
	EndGlobalSection
EndGlobal
