
Microsoft Visual Studio Solution File, Format Version 12.00
# Visual Studio Version 17
VisualStudioVersion = 17.6.33815.320
MinimumVisualStudioVersion = 10.0.40219.1
Project("{FAE04EC0-301F-11D3-BF4B-00C04F79EFBC}") = "01.Offroad Challenge", "01.Offroad Challenge\01.Offroad Challenge.csproj", "{0FBD3420-5706-448C-B458-70D43B506E9C}"
EndProject
Project("{FAE04EC0-301F-11D3-BF4B-00C04F79EFBC}") = "02.Fishing Competition", "02.Fishing Competition\02.Fishing Competition.csproj", "{0E5D2766-9999-4057-BFDA-5EB446CA446A}"
EndProject
Project("{FAE04EC0-301F-11D3-BF4B-00C04F79EFBC}") = "03.Mail Client", "03.Mail Client\03.Mail Client.csproj", "{D9BF262F-0423-4FAB-B49A-F3BB633DDC06}"
EndProject
Global
	GlobalSection(SolutionConfigurationPlatforms) = preSolution
		Debug|Any CPU = Debug|Any CPU
		Release|Any CPU = Release|Any CPU
	EndGlobalSection
	GlobalSection(ProjectConfigurationPlatforms) = postSolution
		{0FBD3420-5706-448C-B458-70D43B506E9C}.Debug|Any CPU.ActiveCfg = Debug|Any CPU
		{0FBD3420-5706-448C-B458-70D43B506E9C}.Debug|Any CPU.Build.0 = Debug|Any CPU
		{0FBD3420-5706-448C-B458-70D43B506E9C}.Release|Any CPU.ActiveCfg = Release|Any CPU
		{0FBD3420-5706-448C-B458-70D43B506E9C}.Release|Any CPU.Build.0 = Release|Any CPU
		{0E5D2766-9999-4057-BFDA-5EB446CA446A}.Debug|Any CPU.ActiveCfg = Debug|Any CPU
		{0E5D2766-9999-4057-BFDA-5EB446CA446A}.Debug|Any CPU.Build.0 = Debug|Any CPU
		{0E5D2766-9999-4057-BFDA-5EB446CA446A}.Release|Any CPU.ActiveCfg = Release|Any CPU
		{0E5D2766-9999-4057-BFDA-5EB446CA446A}.Release|Any CPU.Build.0 = Release|Any CPU
		{D9BF262F-0423-4FAB-B49A-F3BB633DDC06}.Debug|Any CPU.ActiveCfg = Debug|Any CPU
		{D9BF262F-0423-4FAB-B49A-F3BB633DDC06}.Debug|Any CPU.Build.0 = Debug|Any CPU
		{D9BF262F-0423-4FAB-B49A-F3BB633DDC06}.Release|Any CPU.ActiveCfg = Release|Any CPU
		{D9BF262F-0423-4FAB-B49A-F3BB633DDC06}.Release|Any CPU.Build.0 = Release|Any CPU
	EndGlobalSection
	GlobalSection(SolutionProperties) = preSolution
		HideSolutionNode = FALSE
	EndGlobalSection
	GlobalSection(ExtensibilityGlobals) = postSolution
		SolutionGuid = {661E4E54-D9F1-4D38-BCE8-96E1EDBE3D96}
	EndGlobalSection
EndGlobal
